
Microsoft Visual Studio Solution File, Format Version 11.00
# Visual Studio 2010
Project("{FAE04EC0-301F-11D3-BF4B-00C04F79EFBC}") = "openstack.net", "openstack.net.csproj", "{391B73DA-3906-4A09-9F92-A4196BB00ECF}"
EndProject
Project("{2150E333-8FDC-42A3-9474-1A3956D46DE8}") = ".nuget", ".nuget", "{E9E4006E-EA17-47D4-AC7F-B092E8994661}"
        ProjectSection(SolutionItems) = preProject
                .nuget\NuGet.Config = .nuget\NuGet.Config
                .nuget\NuGet.exe = .nuget\NuGet.exe
                .nuget\NuGet.targets = .nuget\NuGet.targets
        EndProjectSection
EndProject
Global
	GlobalSection(SolutionConfigurationPlatforms) = preSolution
		Debug|x86 = Debug|x86
		Release|x86 = Release|x86
	EndGlobalSection
	GlobalSection(ProjectConfigurationPlatforms) = postSolution
		{391B73DA-3906-4A09-9F92-A4196BB00ECF}.Debug|x86.ActiveCfg = Debug|x86
		{391B73DA-3906-4A09-9F92-A4196BB00ECF}.Debug|x86.Build.0 = Debug|x86
		{391B73DA-3906-4A09-9F92-A4196BB00ECF}.Release|x86.ActiveCfg = Release|x86
		{391B73DA-3906-4A09-9F92-A4196BB00ECF}.Release|x86.Build.0 = Release|x86
	EndGlobalSection
	GlobalSection(MonoDevelopProperties) = preSolution
		StartupItem = openstack.net.csproj
	EndGlobalSection
EndGlobal
